
Microsoft Visual Studio Solution File, Format Version 12.00
# Visual Studio Version 17
VisualStudioVersion = 17.6.33801.468
MinimumVisualStudioVersion = 10.0.40219.1
Project("{FAE04EC0-301F-11D3-BF4B-00C04F79EFBC}") = "downloader", "downloader\downloader.csproj", "{F7B0C3CE-F449-4D55-8447-BE2F65E09FA5}"
EndProject
Global
	GlobalSection(SolutionConfigurationPlatforms) = preSolution
		Debug|Any CPU = Debug|Any CPU
		Release|Any CPU = Release|Any CPU
	EndGlobalSection
	GlobalSection(ProjectConfigurationPlatforms) = postSolution
		{F7B0C3CE-F449-4D55-8447-BE2F65E09FA5}.Debug|Any CPU.ActiveCfg = Debug|Any CPU
		{F7B0C3CE-F449-4D55-8447-BE2F65E09FA5}.Debug|Any CPU.Build.0 = Debug|Any CPU
		{F7B0C3CE-F449-4D55-8447-BE2F65E09FA5}.Release|Any CPU.ActiveCfg = Release|Any CPU
		{F7B0C3CE-F449-4D55-8447-BE2F65E09FA5}.Release|Any CPU.Build.0 = Release|Any CPU
	EndGlobalSection
	GlobalSection(SolutionProperties) = preSolution
		HideSolutionNode = FALSE
	EndGlobalSection
	GlobalSection(ExtensibilityGlobals) = postSolution
		SolutionGuid = {B7C49BFA-6DC0-4651-9633-AFB3DC73823D}
	EndGlobalSection
EndGlobal
